
Microsoft Visual Studio Solution File, Format Version 12.00
# Visual Studio Version 17
VisualStudioVersion = 17.0.32112.339
MinimumVisualStudioVersion = 10.0.40219.1
Project("{FAE04EC0-301F-11D3-BF4B-00C04F79EFBC}") = "owasp_a03_injection", "owasp_a03_injection.csproj", "{2380C2D0-A29F-4BDA-942E-0F76428BD0B8}"
EndProject
Global
	GlobalSection(SolutionConfigurationPlatforms) = preSolution
		Debug|Any CPU = Debug|Any CPU
		Release|Any CPU = Release|Any CPU
	EndGlobalSection
	GlobalSection(ProjectConfigurationPlatforms) = postSolution
		{2380C2D0-A29F-4BDA-942E-0F76428BD0B8}.Debug|Any CPU.ActiveCfg = Debug|Any CPU
		{2380C2D0-A29F-4BDA-942E-0F76428BD0B8}.Debug|Any CPU.Build.0 = Debug|Any CPU
		{2380C2D0-A29F-4BDA-942E-0F76428BD0B8}.Release|Any CPU.ActiveCfg = Release|Any CPU
		{2380C2D0-A29F-4BDA-942E-0F76428BD0B8}.Release|Any CPU.Build.0 = Release|Any CPU
	EndGlobalSection
	GlobalSection(SolutionProperties) = preSolution
		HideSolutionNode = FALSE
	EndGlobalSection
	GlobalSection(ExtensibilityGlobals) = postSolution
		SolutionGuid = {79682AE3-BC1C-47C8-8D60-A65DC4CF4620}
	EndGlobalSection
EndGlobal
