
Microsoft Visual Studio Solution File, Format Version 12.00
# Visual Studio Version 17
VisualStudioVersion = 17.0.32112.339
MinimumVisualStudioVersion = 10.0.40219.1
Project("{FAE04EC0-301F-11D3-BF4B-00C04F79EFBC}") = "owasp_a05_security_default", "owasp_a05_security_default.csproj", "{6AFCF1DC-EE06-4090-878B-AF036DC290F9}"
EndProject
Global
	GlobalSection(SolutionConfigurationPlatforms) = preSolution
		Debug|Any CPU = Debug|Any CPU
		Release|Any CPU = Release|Any CPU
	EndGlobalSection
	GlobalSection(ProjectConfigurationPlatforms) = postSolution
		{6AFCF1DC-EE06-4090-878B-AF036DC290F9}.Debug|Any CPU.ActiveCfg = Debug|Any CPU
		{6AFCF1DC-EE06-4090-878B-AF036DC290F9}.Debug|Any CPU.Build.0 = Debug|Any CPU
		{6AFCF1DC-EE06-4090-878B-AF036DC290F9}.Release|Any CPU.ActiveCfg = Release|Any CPU
		{6AFCF1DC-EE06-4090-878B-AF036DC290F9}.Release|Any CPU.Build.0 = Release|Any CPU
	EndGlobalSection
	GlobalSection(SolutionProperties) = preSolution
		HideSolutionNode = FALSE
	EndGlobalSection
	GlobalSection(ExtensibilityGlobals) = postSolution
		SolutionGuid = {130F6214-0FF8-4719-9191-4C0C39D1D2AB}
	EndGlobalSection
EndGlobal
